
Microsoft Visual Studio Solution File, Format Version 12.00
# Visual Studio Version 17
VisualStudioVersion = 17.3.32922.545
MinimumVisualStudioVersion = 10.0.40219.1
Project("{FAE04EC0-301F-11D3-BF4B-00C04F79EFBC}") = "AlgIST", "AlgIST\AlgIST.csproj", "{67252706-17D8-4D6F-937A-DB5F5070E768}"
EndProject
Global
	GlobalSection(SolutionConfigurationPlatforms) = preSolution
		Debug|Any CPU = Debug|Any CPU
		Release|Any CPU = Release|Any CPU
	EndGlobalSection
	GlobalSection(ProjectConfigurationPlatforms) = postSolution
		{67252706-17D8-4D6F-937A-DB5F5070E768}.Debug|Any CPU.ActiveCfg = Debug|Any CPU
		{67252706-17D8-4D6F-937A-DB5F5070E768}.Debug|Any CPU.Build.0 = Debug|Any CPU
		{67252706-17D8-4D6F-937A-DB5F5070E768}.Release|Any CPU.ActiveCfg = Release|Any CPU
		{67252706-17D8-4D6F-937A-DB5F5070E768}.Release|Any CPU.Build.0 = Release|Any CPU
	EndGlobalSection
	GlobalSection(SolutionProperties) = preSolution
		HideSolutionNode = FALSE
	EndGlobalSection
	GlobalSection(ExtensibilityGlobals) = postSolution
		SolutionGuid = {14A92A29-99F3-4552-A112-B62014140454}
	EndGlobalSection
EndGlobal
